PODS:
  - Flutter (1.0.0)
  - izooto_plugin (2.5.2):
    - Flutter
    - iZootoiOSSDK
  - iZootoiOSSDK (2.3.0)

DEPENDENCIES:
  - Flutter (from `Flutter`)
  - izooto_plugin (from `.symlinks/plugins/izooto_plugin/ios`)
  - iZootoiOSSDK

SPEC REPOS:
  trunk:
    - iZootoiOSSDK

EXTERNAL SOURCES:
  Flutter:
    :path: Flutter
  izooto_plugin:
    :path: ".symlinks/plugins/izooto_plugin/ios"

SPEC CHECKSUMS:
  Flutter: e0871f40cf51350855a761d2e70bf5af5b9b5de7
  izooto_plugin: 67fab2c54325706e4813e7d7946b3f28aeec6e78
  iZootoiOSSDK: 17a509a53f395fdeade29dc1687976bf4edf9d4a

PODFILE CHECKSUM: bb8102a45d2cb16ca34c6f19e6a581d4a14c324d

COCOAPODS: 1.15.2
