PODS:
  - Flutter (1.0.0)
  - izooto_plugin (2.8.0):
    - Flutter
    - iZootoiOSSDK
  - iZootoiOSSDK (3.2.4)

DEPENDENCIES:
  - Flutter (from `Flutter`)
  - izooto_plugin (from `.symlinks/plugins/izooto_plugin/ios`)
  - iZootoiOSSDK

SPEC REPOS:
  trunk:
    - iZootoiOSSDK

EXTERNAL SOURCES:
  Flutter:
    :path: Flutter
  izooto_plugin:
    :path: ".symlinks/plugins/izooto_plugin/ios"

SPEC CHECKSUMS:
  Flutter: e0871f40cf51350855a761d2e70bf5af5b9b5de7
  izooto_plugin: 78080385678aef02c1e9f069bd6efec7dbd1b26d
  iZootoiOSSDK: d675732d33e47ca3bc25b227efd98aae61827102

PODFILE CHECKSUM: 0285fe83558fa0bdc02fd6467193a1700891ad34

COCOAPODS: 1.16.2
