PODS:
  - Flutter (1.0.0)
  - izooto_plugin (2.7.1):
    - Flutter
    - iZootoiOSSDK
  - iZootoiOSSDK (3.2.2)

DEPENDENCIES:
  - Flutter (from `Flutter`)
  - izooto_plugin (from `.symlinks/plugins/izooto_plugin/ios`)
  - iZootoiOSSDK

SPEC REPOS:
  trunk:
    - iZootoiOSSDK

EXTERNAL SOURCES:
  Flutter:
    :path: Flutter
  izooto_plugin:
    :path: ".symlinks/plugins/izooto_plugin/ios"

SPEC CHECKSUMS:
  Flutter: cabc95a1d2626b1b06e7179b784ebcf0c0cde467
  izooto_plugin: 362ada38c73b408fc10bfcb9c067ecdf38d3bf28
  iZootoiOSSDK: ffb9e2767f770cb22e286430816b9e88cf7b2c0f

PODFILE CHECKSUM: 216f47f2384748a2b3485dc585a4dc80e640d1e5

COCOAPODS: 1.16.2
